
Microsoft Visual Studio Solution File, Format Version 12.00
# Visual Studio Version 16
VisualStudioVersion = 16.0.29009.5
MinimumVisualStudioVersion = 10.0.40219.1
Project("{FAE04EC0-301F-11D3-BF4B-00C04F79EFBC}") = "Captcha", "Captcha\Captcha.csproj", "{0522AE4A-75AA-4988-815E-947F55A9EA95}"
EndProject
Global
	GlobalSection(SolutionConfigurationPlatforms) = preSolution
		Debug|Any CPU = Debug|Any CPU
		Release|Any CPU = Release|Any CPU
	EndGlobalSection
	GlobalSection(ProjectConfigurationPlatforms) = postSolution
		{0522AE4A-75AA-4988-815E-947F55A9EA95}.Debug|Any CPU.ActiveCfg = Debug|Any CPU
		{0522AE4A-75AA-4988-815E-947F55A9EA95}.Debug|Any CPU.Build.0 = Debug|Any CPU
		{0522AE4A-75AA-4988-815E-947F55A9EA95}.Release|Any CPU.ActiveCfg = Release|Any CPU
		{0522AE4A-75AA-4988-815E-947F55A9EA95}.Release|Any CPU.Build.0 = Release|Any CPU
	EndGlobalSection
	GlobalSection(SolutionProperties) = preSolution
		HideSolutionNode = FALSE
	EndGlobalSection
	GlobalSection(ExtensibilityGlobals) = postSolution
		SolutionGuid = {8CA83FA2-AB2D-4B4C-A199-063E775D8B7A}
	EndGlobalSection
EndGlobal
